// !$*UTF8*$!
{
	archiveVersion = 1;
	classes = {
	};
	objectVersion = 77;
	objects = {

/* Begin PBXContainerItemProxy section */
		672B2D2F2CAB22A00071CBD8 /* PBXContainerItemProxy */ = {
			isa = PBXContainerItemProxy;
			containerPortal = 672B2D162CAB229E0071CBD8 /* Project object */;
			proxyType = 1;
			remoteGlobalIDString = 672B2D1D2CAB229E0071CBD8;
			remoteInfo = PCStoker;
		};
		672B2D392CAB22A00071CBD8 /* PBXContainerItemProxy */ = {
			isa = PBXContainerItemProxy;
			containerPortal = 672B2D162CAB229E0071CBD8 /* Project object */;
			proxyType = 1;
			remoteGlobalIDString = 672B2D1D2CAB229E0071CBD8;
			remoteInfo = PCStoker;
		};
/* End PBXContainerItemProxy section */

/* Begin PBXFileReference section */
		672B2D1E2CAB229E0071CBD8 /* PCStoker.app */ = {isa = PBXFileReference; explicitFileType = wrapper.application; includeInIndex = 0; path = PCStoker.app; sourceTree = BUILT_PRODUCTS_DIR; };
		672B2D2E2CAB22A00071CBD8 /* PCStokerTests.xctest */ = {isa = PBXFileReference; explicitFileType = wrapper.cfbundle; includeInIndex = 0; path = PCStokerTests.xctest; sourceTree = BUILT_PRODUCTS_DIR; };
		672B2D382CAB22A00071CBD8 /* PCStokerUITests.xctest */ = {isa = PBXFileReference; explicitFileType = wrapper.cfbundle; includeInIndex = 0; path = PCStokerUITests.xctest; sourceTree = BUILT_PRODUCTS_DIR; };
/* End PBXFileReference section */

/* Begin PBXFileSystemSynchronizedRootGroup section */
		672B2D202CAB229E0071CBD8 /* PCStoker */ = {
			isa = PBXFileSystemSynchronizedRootGroup;
			path = PCStoker;
			sourceTree = "<group>";
		};
		672B2D312CAB22A00071CBD8 /* PCStokerTests */ = {
			isa = PBXFileSystemSynchronizedRootGroup;
			path = PCStokerTests;
			sourceTree = "<group>";
		};
		672B2D3B2CAB22A00071CBD8 /* PCStokerUITests */ = {
			isa = PBXFileSystemSynchronizedRootGroup;
			path = PCStokerUITests;
			sourceTree = "<group>";
		};
/* End PBXFileSystemSynchronizedRootGroup section */

/* Begin PBXFrameworksBuildPhase section */
		672B2D1B2CAB229E0071CBD8 /* Frameworks */ = {
			isa = PBXFrameworksBuildPhase;
			buildActionMask = 2147483647;
			files = (
			);
			runOnlyForDeploymentPostprocessing = 0;
		};
		672B2D2B2CAB22A00071CBD8 /* Frameworks */ = {
			isa = PBXFrameworksBuildPhase;
			buildActionMask = 2147483647;
			files = (
			);
			runOnlyForDeploymentPostprocessing = 0;
		};
		672B2D352CAB22A00071CBD8 /* Frameworks */ = {
			isa = PBXFrameworksBuildPhase;
			buildActionMask = 2147483647;
			files = (
			);
			runOnlyForDeploymentPostprocessing = 0;
		};
/* End PBXFrameworksBuildPhase section */

/* Begin PBXGroup section */
		672B2D152CAB229E0071CBD8 = {
			isa = PBXGroup;
			children = (
				672B2D202CAB229E0071CBD8 /* PCStoker */,
				672B2D312CAB22A00071CBD8 /* PCStokerTests */,
				672B2D3B2CAB22A00071CBD8 /* PCStokerUITests */,
				672B2D1F2CAB229E0071CBD8 /* Products */,
			);
			sourceTree = "<group>";
		};
		672B2D1F2CAB229E0071CBD8 /* Products */ = {
			isa = PBXGroup;
			children = (
				672B2D1E2CAB229E0071CBD8 /* PCStoker.app */,
				672B2D2E2CAB22A00071CBD8 /* PCStokerTests.xctest */,
				672B2D382CAB22A00071CBD8 /* PCStokerUITests.xctest */,
			);
			name = Products;
			sourceTree = "<group>";
		};
/* End PBXGroup section */

/* Begin PBXNativeTarget section */
		672B2D1D2CAB229E0071CBD8 /* PCStoker */ = {
			isa = PBXNativeTarget;
			buildConfigurationList = 672B2D422CAB22A00071CBD8 /* Build configuration list for PBXNativeTarget "PCStoker" */;
			buildPhases = (
				672B2D1A2CAB229E0071CBD8 /* Sources */,
				672B2D1B2CAB229E0071CBD8 /* Frameworks */,
				672B2D1C2CAB229E0071CBD8 /* Resources */,
			);
			buildRules = (
			);
			dependencies = (
			);
			fileSystemSynchronizedGroups = (
				672B2D202CAB229E0071CBD8 /* PCStoker */,
			);
			name = PCStoker;
			packageProductDependencies = (
			);
			productName = PCStoker;
			productReference = 672B2D1E2CAB229E0071CBD8 /* PCStoker.app */;
			productType = "com.apple.product-type.application";
		};
		672B2D2D2CAB22A00071CBD8 /* PCStokerTests */ = {
			isa = PBXNativeTarget;
			buildConfigurationList = 672B2D452CAB22A00071CBD8 /* Build configuration list for PBXNativeTarget "PCStokerTests" */;
			buildPhases = (
				672B2D2A2CAB22A00071CBD8 /* Sources */,
				672B2D2B2CAB22A00071CBD8 /* Frameworks */,
				672B2D2C2CAB22A00071CBD8 /* Resources */,
			);
			buildRules = (
			);
			dependencies = (
				672B2D302CAB22A00071CBD8 /* PBXTargetDependency */,
			);
			fileSystemSynchronizedGroups = (
				672B2D312CAB22A00071CBD8 /* PCStokerTests */,
			);
			name = PCStokerTests;
			packageProductDependencies = (
			);
			productName = PCStokerTests;
			productReference = 672B2D2E2CAB22A00071CBD8 /* PCStokerTests.xctest */;
			productType = "com.apple.product-type.bundle.unit-test";
		};
		672B2D372CAB22A00071CBD8 /* PCStokerUITests */ = {
			isa = PBXNativeTarget;
			buildConfigurationList = 672B2D482CAB22A00071CBD8 /* Build configuration list for PBXNativeTarget "PCStokerUITests" */;
			buildPhases = (
				672B2D342CAB22A00071CBD8 /* Sources */,
				672B2D352CAB22A00071CBD8 /* Frameworks */,
				672B2D362CAB22A00071CBD8 /* Resources */,
			);
			buildRules = (
			);
			dependencies = (
				672B2D3A2CAB22A00071CBD8 /* PBXTargetDependency */,
			);
			fileSystemSynchronizedGroups = (
				672B2D3B2CAB22A00071CBD8 /* PCStokerUITests */,
			);
			name = PCStokerUITests;
			packageProductDependencies = (
			);
			productName = PCStokerUITests;
			productReference = 672B2D382CAB22A00071CBD8 /* PCStokerUITests.xctest */;
			productType = "com.apple.product-type.bundle.ui-testing";
		};
/* End PBXNativeTarget section */

/* Begin PBXProject section */
		672B2D162CAB229E0071CBD8 /* Project object */ = {
			isa = PBXProject;
			attributes = {
				BuildIndependentTargetsInParallel = 1;
				LastSwiftUpdateCheck = 1600;
				LastUpgradeCheck = 1600;
				TargetAttributes = {
					672B2D1D2CAB229E0071CBD8 = {
						CreatedOnToolsVersion = 16.0;
					};
					672B2D2D2CAB22A00071CBD8 = {
						CreatedOnToolsVersion = 16.0;
						TestTargetID = 672B2D1D2CAB229E0071CBD8;
					};
					672B2D372CAB22A00071CBD8 = {
						CreatedOnToolsVersion = 16.0;
						TestTargetID = 672B2D1D2CAB229E0071CBD8;
					};
				};
			};
			buildConfigurationList = 672B2D192CAB229E0071CBD8 /* Build configuration list for PBXProject "PCStoker" */;
			developmentRegion = en;
			hasScannedForEncodings = 0;
			knownRegions = (
				en,
				Base,
			);
			mainGroup = 672B2D152CAB229E0071CBD8;
			minimizedProjectReferenceProxies = 1;
			preferredProjectObjectVersion = 77;
			productRefGroup = 672B2D1F2CAB229E0071CBD8 /* Products */;
			projectDirPath = "";
			projectRoot = "";
			targets = (
				672B2D1D2CAB229E0071CBD8 /* PCStoker */,
				672B2D2D2CAB22A00071CBD8 /* PCStokerTests */,
				672B2D372CAB22A00071CBD8 /* PCStokerUITests */,
			);
		};
/* End PBXProject section */

/* Begin PBXResourcesBuildPhase section */
		672B2D1C2CAB229E0071CBD8 /* Resources */ = {
			isa = PBXResourcesBuildPhase;
			buildActionMask = 2147483647;
			files = (
			);
			runOnlyForDeploymentPostprocessing = 0;
		};
		672B2D2C2CAB22A00071CBD8 /* Resources */ = {
			isa = PBXResourcesBuildPhase;
			buildActionMask = 2147483647;
			files = (
			);
			runOnlyForDeploymentPostprocessing = 0;
		};
		672B2D362CAB22A00071CBD8 /* Resources */ = {
			isa = PBXResourcesBuildPhase;
			buildActionMask = 2147483647;
			files = (
			);
			runOnlyForDeploymentPostprocessing = 0;
		};
/* End PBXResourcesBuildPhase section */

/* Begin PBXSourcesBuildPhase section */
		672B2D1A2CAB229E0071CBD8 /* Sources */ = {
			isa = PBXSourcesBuildPhase;
			buildActionMask = 2147483647;
			files = (
			);
			runOnlyForDeploymentPostprocessing = 0;
		};
		672B2D2A2CAB22A00071CBD8 /* Sources */ = {
			isa = PBXSourcesBuildPhase;
			buildActionMask = 2147483647;
			files = (
			);
			runOnlyForDeploymentPostprocessing = 0;
		};
		672B2D342CAB22A00071CBD8 /* Sources */ = {
			isa = PBXSourcesBuildPhase;
			buildActionMask = 2147483647;
			files = (
			);
			runOnlyForDeploymentPostprocessing = 0;
		};
/* End PBXSourcesBuildPhase section */

/* Begin PBXTargetDependency section */
		672B2D302CAB22A00071CBD8 /* PBXTargetDependency */ = {
			isa = PBXTargetDependency;
			target = 672B2D1D2CAB229E0071CBD8 /* PCStoker */;
			targetProxy = 672B2D2F2CAB22A00071CBD8 /* PBXContainerItemProxy */;
		};
		672B2D3A2CAB22A00071CBD8 /* PBXTargetDependency */ = {
			isa = PBXTargetDependency;
			target = 672B2D1D2CAB229E0071CBD8 /* PCStoker */;
			targetProxy = 672B2D392CAB22A00071CBD8 /* PBXContainerItemProxy */;
		};
/* End PBXTargetDependency section */

/* Begin XCBuildConfiguration section */
		672B2D402CAB22A00071CBD8 /* Debug */ = {
			isa = XCBuildConfiguration;
			buildSettings = {
				ALWAYS_SEARCH_USER_PATHS = NO;
				ASSETCATALOG_COMPILER_GENERATE_SWIFT_ASSET_SYMBOL_EXTENSIONS = YES;
				CLANG_ANALYZER_NONNULL = YES;
				CLANG_ANALYZER_NUMBER_OBJECT_CONVERSION = YES_AGGRESSIVE;
				CLANG_CXX_LANGUAGE_STANDARD = "gnu++20";
				CLANG_ENABLE_MODULES = YES;
				CLANG_ENABLE_OBJC_ARC = YES;
				CLANG_ENABLE_OBJC_WEAK = YES;
				CLANG_WARN_BLOCK_CAPTURE_AUTORELEASING = YES;
				CLANG_WARN_BOOL_CONVERSION = YES;
				CLANG_WARN_COMMA = YES;
				CLANG_WARN_CONSTANT_CONVERSION = YES;
				CLANG_WARN_DEPRECATED_OBJC_IMPLEMENTATIONS = YES;
				CLANG_WARN_DIRECT_OBJC_ISA_USAGE = YES_ERROR;
				CLANG_WARN_DOCUMENTATION_COMMENTS = YES;
				CLANG_WARN_EMPTY_BODY = YES;
				CLANG_WARN_ENUM_CONVERSION = YES;
				CLANG_WARN_INFINITE_RECURSION = YES;
				CLANG_WARN_INT_CONVERSION = YES;
				CLANG_WARN_NON_LITERAL_NULL_CONVERSION = YES;
				CLANG_WARN_OBJC_IMPLICIT_RETAIN_SELF = YES;
				CLANG_WARN_OBJC_LITERAL_CONVERSION = YES;
				CLANG_WARN_OBJC_ROOT_CLASS = YES_ERROR;
				CLANG_WARN_QUOTED_INCLUDE_IN_FRAMEWORK_HEADER = YES;
				CLANG_WARN_RANGE_LOOP_ANALYSIS = YES;
				CLANG_WARN_STRICT_PROTOTYPES = YES;
				CLANG_WARN_SUSPICIOUS_MOVE = YES;
				CLANG_WARN_UNGUARDED_AVAILABILITY = YES_AGGRESSIVE;
				CLANG_WARN_UNREACHABLE_CODE = YES;
				CLANG_WARN__DUPLICATE_METHOD_MATCH = YES;
				COPY_PHASE_STRIP = NO;
				DEBUG_INFORMATION_FORMAT = dwarf;
				ENABLE_STRICT_OBJC_MSGSEND = YES;
				ENABLE_TESTABILITY = YES;
				ENABLE_USER_SCRIPT_SANDBOXING = YES;
				GCC_C_LANGUAGE_STANDARD = gnu17;
				GCC_DYNAMIC_NO_PIC = NO;
				GCC_NO_COMMON_BLOCKS = YES;
				GCC_OPTIMIZATION_LEVEL = 0;
				GCC_PREPROCESSOR_DEFINITIONS = (
					"DEBUG=1",
					"$(inherited)",
				);
				GCC_WARN_64_TO_32_BIT_CONVERSION = YES;
				GCC_WARN_ABOUT_RETURN_TYPE = YES_ERROR;
				GCC_WARN_UNDECLARED_SELECTOR = YES;
				GCC_WARN_UNINITIALIZED_AUTOS = YES_AGGRESSIVE;
				GCC_WARN_UNUSED_FUNCTION = YES;
				GCC_WARN_UNUSED_VARIABLE = YES;
				IPHONEOS_DEPLOYMENT_TARGET = 18.0;
				LOCALIZATION_PREFERS_STRING_CATALOGS = YES;
				MTL_ENABLE_DEBUG_INFO = INCLUDE_SOURCE;
				MTL_FAST_MATH = YES;
				ONLY_ACTIVE_ARCH = YES;
				SDKROOT = iphoneos;
				SWIFT_ACTIVE_COMPILATION_CONDITIONS = "DEBUG $(inherited)";
				SWIFT_OPTIMIZATION_LEVEL = "-Onone";
			};
			name = Debug;
		};
		672B2D412CAB22A00071CBD8 /* Release */ = {
			isa = XCBuildConfiguration;
			buildSettings = {
				ALWAYS_SEARCH_USER_PATHS = NO;
				ASSETCATALOG_COMPILER_GENERATE_SWIFT_ASSET_SYMBOL_EXTENSIONS = YES;
				CLANG_ANALYZER_NONNULL = YES;
				CLANG_ANALYZER_NUMBER_OBJECT_CONVERSION = YES_AGGRESSIVE;
				CLANG_CXX_LANGUAGE_STANDARD = "gnu++20";
				CLANG_ENABLE_MODULES = YES;
				CLANG_ENABLE_OBJC_ARC = YES;
				CLANG_ENABLE_OBJC_WEAK = YES;
				CLANG_WARN_BLOCK_CAPTURE_AUTORELEASING = YES;
				CLANG_WARN_BOOL_CONVERSION = YES;
				CLANG_WARN_COMMA = YES;
				CLANG_WARN_CONSTANT_CONVERSION = YES;
				CLANG_WARN_DEPRECATED_OBJC_IMPLEMENTATIONS = YES;
				CLANG_WARN_DIRECT_OBJC_ISA_USAGE = YES_ERROR;
				CLANG_WARN_DOCUMENTATION_COMMENTS = YES;
				CLANG_WARN_EMPTY_BODY = YES;
				CLANG_WARN_ENUM_CONVERSION = YES;
				CLANG_WARN_INFINITE_RECURSION = YES;
				CLANG_WARN_INT_CONVERSION = YES;
				CLANG_WARN_NON_LITERAL_NULL_CONVERSION = YES;
				CLANG_WARN_OBJC_IMPLICIT_RETAIN_SELF = YES;
				CLANG_WARN_OBJC_LITERAL_CONVERSION = YES;
				CLANG_WARN_OBJC_ROOT_CLASS = YES_ERROR;
				CLANG_WARN_QUOTED_INCLUDE_IN_FRAMEWORK_HEADER = YES;
				CLANG_WARN_RANGE_LOOP_ANALYSIS = YES;
				CLANG_WARN_STRICT_PROTOTYPES = YES;
				CLANG_WARN_SUSPICIOUS_MOVE = YES;
				CLANG_WARN_UNGUARDED_AVAILABILITY = YES_AGGRESSIVE;
				CLANG_WARN_UNREACHABLE_CODE = YES;
				CLANG_WARN__DUPLICATE_METHOD_MATCH = YES;
				COPY_PHASE_STRIP = NO;
				DEBUG_INFORMATION_FORMAT = "dwarf-with-dsym";
				ENABLE_NS_ASSERTIONS = NO;
				ENABLE_STRICT_OBJC_MSGSEND = YES;
				ENABLE_USER_SCRIPT_SANDBOXING = YES;
				GCC_C_LANGUAGE_STANDARD = gnu17;
				GCC_NO_COMMON_BLOCKS = YES;
				GCC_WARN_64_TO_32_BIT_CONVERSION = YES;
				GCC_WARN_ABOUT_RETURN_TYPE = YES_ERROR;
				GCC_WARN_UNDECLARED_SELECTOR = YES;
				GCC_WARN_UNINITIALIZED_AUTOS = YES_AGGRESSIVE;
				GCC_WARN_UNUSED_FUNCTION = YES;
				GCC_WARN_UNUSED_VARIABLE = YES;
				IPHONEOS_DEPLOYMENT_TARGET = 18.0;
				LOCALIZATION_PREFERS_STRING_CATALOGS = YES;
				MTL_ENABLE_DEBUG_INFO = NO;
				MTL_FAST_MATH = YES;
				SDKROOT = iphoneos;
				SWIFT_COMPILATION_MODE = wholemodule;
				VALIDATE_PRODUCT = YES;
			};
			name = Release;
		};
		672B2D432CAB22A00071CBD8 /* Debug */ = {
			isa = XCBuildConfiguration;
			buildSettings = {
				ASSETCATALOG_COMPILER_APPICON_NAME = AppIcon;
				ASSETCATALOG_COMPILER_GLOBAL_ACCENT_COLOR_NAME = AccentColor;
				CODE_SIGN_STYLE = Automatic;
				CURRENT_PROJECT_VERSION = 1;
				DEVELOPMENT_ASSET_PATHS = "\"PCStoker/Preview Content\"";
				ENABLE_PREVIEWS = YES;
				GENERATE_INFOPLIST_FILE = YES;
				INFOPLIST_KEY_UIApplicationSceneManifest_Generation = YES;
				INFOPLIST_KEY_UIApplicationSupportsIndirectInputEvents = YES;
				INFOPLIST_KEY_UILaunchScreen_Generation = YES;
				INFOPLIST_KEY_UISupportedInterfaceOrientations_iPad = "UIInterfaceOrientationPortrait UIInterfaceOrientationPortraitUpsideDown UIInterfaceOrientationLandscapeLeft UIInterfaceOrientationLandscapeRight";
				INFOPLIST_KEY_UISupportedInterfaceOrientations_iPhone = "UIInterfaceOrientationPortrait UIInterfaceOrientationLandscapeLeft UIInterfaceOrientationLandscapeRight";
				LD_RUNPATH_SEARCH_PATHS = (
					"$(inherited)",
					"@executable_path/Frameworks",
				);
				MARKETING_VERSION = 1.0;
				PRODUCT_BUNDLE_IDENTIFIER = jessi.PCStoker;
				PRODUCT_NAME = "$(TARGET_NAME)";
				SWIFT_EMIT_LOC_STRINGS = YES;
				SWIFT_VERSION = 5.0;
				TARGETED_DEVICE_FAMILY = "1,2";
			};
			name = Debug;
		};
		672B2D442CAB22A00071CBD8 /* Release */ = {
			isa = XCBuildConfiguration;
			buildSettings = {
				ASSETCATALOG_COMPILER_APPICON_NAME = AppIcon;
				ASSETCATALOG_COMPILER_GLOBAL_ACCENT_COLOR_NAME = AccentColor;
				CODE_SIGN_STYLE = Automatic;
				CURRENT_PROJECT_VERSION = 1;
				DEVELOPMENT_ASSET_PATHS = "\"PCStoker/Preview Content\"";
				ENABLE_PREVIEWS = YES;
				GENERATE_INFOPLIST_FILE = YES;
				INFOPLIST_KEY_UIApplicationSceneManifest_Generation = YES;
				INFOPLIST_KEY_UIApplicationSupportsIndirectInputEvents = YES;
				INFOPLIST_KEY_UILaunchScreen_Generation = YES;
				INFOPLIST_KEY_UISupportedInterfaceOrientations_iPad = "UIInterfaceOrientationPortrait UIInterfaceOrientationPortraitUpsideDown UIInterfaceOrientationLandscapeLeft UIInterfaceOrientationLandscapeRight";
				INFOPLIST_KEY_UISupportedInterfaceOrientations_iPhone = "UIInterfaceOrientationPortrait UIInterfaceOrientationLandscapeLeft UIInterfaceOrientationLandscapeRight";
				LD_RUNPATH_SEARCH_PATHS = (
					"$(inherited)",
					"@executable_path/Frameworks",
				);
				MARKETING_VERSION = 1.0;
				PRODUCT_BUNDLE_IDENTIFIER = jessi.PCStoker;
				PRODUCT_NAME = "$(TARGET_NAME)";
				SWIFT_EMIT_LOC_STRINGS = YES;
				SWIFT_VERSION = 5.0;
				TARGETED_DEVICE_FAMILY = "1,2";
			};
			name = Release;
		};
		672B2D462CAB22A00071CBD8 /* Debug */ = {
			isa = XCBuildConfiguration;
			buildSettings = {
				BUNDLE_LOADER = "$(TEST_HOST)";
				CODE_SIGN_STYLE = Automatic;
				CURRENT_PROJECT_VERSION = 1;
				GENERATE_INFOPLIST_FILE = YES;
				IPHONEOS_DEPLOYMENT_TARGET = 18.0;
				MARKETING_VERSION = 1.0;
				PRODUCT_BUNDLE_IDENTIFIER = jessi.PCStokerTests;
				PRODUCT_NAME = "$(TARGET_NAME)";
				SWIFT_EMIT_LOC_STRINGS = NO;
				SWIFT_VERSION = 5.0;
				TARGETED_DEVICE_FAMILY = "1,2";
				TEST_HOST = "$(BUILT_PRODUCTS_DIR)/PCStoker.app/$(BUNDLE_EXECUTABLE_FOLDER_PATH)/PCStoker";
			};
			name = Debug;
		};
		672B2D472CAB22A00071CBD8 /* Release */ = {
			isa = XCBuildConfiguration;
			buildSettings = {
				BUNDLE_LOADER = "$(TEST_HOST)";
				CODE_SIGN_STYLE = Automatic;
				CURRENT_PROJECT_VERSION = 1;
				GENERATE_INFOPLIST_FILE = YES;
				IPHONEOS_DEPLOYMENT_TARGET = 18.0;
				MARKETING_VERSION = 1.0;
				PRODUCT_BUNDLE_IDENTIFIER = jessi.PCStokerTests;
				PRODUCT_NAME = "$(TARGET_NAME)";
				SWIFT_EMIT_LOC_STRINGS = NO;
				SWIFT_VERSION = 5.0;
				TARGETED_DEVICE_FAMILY = "1,2";
				TEST_HOST = "$(BUILT_PRODUCTS_DIR)/PCStoker.app/$(BUNDLE_EXECUTABLE_FOLDER_PATH)/PCStoker";
			};
			name = Release;
		};
		672B2D492CAB22A00071CBD8 /* Debug */ = {
			isa = XCBuildConfiguration;
			buildSettings = {
				CODE_SIGN_STYLE = Automatic;
				CURRENT_PROJECT_VERSION = 1;
				GENERATE_INFOPLIST_FILE = YES;
				MARKETING_VERSION = 1.0;
				PRODUCT_BUNDLE_IDENTIFIER = jessi.PCStokerUITests;
				PRODUCT_NAME = "$(TARGET_NAME)";
				SWIFT_EMIT_LOC_STRINGS = NO;
				SWIFT_VERSION = 5.0;
				TARGETED_DEVICE_FAMILY = "1,2";
				TEST_TARGET_NAME = PCStoker;
			};
			name = Debug;
		};
		672B2D4A2CAB22A00071CBD8 /* Release */ = {
			isa = XCBuildConfiguration;
			buildSettings = {
				CODE_SIGN_STYLE = Automatic;
				CURRENT_PROJECT_VERSION = 1;
				GENERATE_INFOPLIST_FILE = YES;
				MARKETING_VERSION = 1.0;
				PRODUCT_BUNDLE_IDENTIFIER = jessi.PCStokerUITests;
				PRODUCT_NAME = "$(TARGET_NAME)";
				SWIFT_EMIT_LOC_STRINGS = NO;
				SWIFT_VERSION = 5.0;
				TARGETED_DEVICE_FAMILY = "1,2";
				TEST_TARGET_NAME = PCStoker;
			};
			name = Release;
		};
/* End XCBuildConfiguration section */

/* Begin XCConfigurationList section */
		672B2D192CAB229E0071CBD8 /* Build configuration list for PBXProject "PCStoker" */ = {
			isa = XCConfigurationList;
			buildConfigurations = (
				672B2D402CAB22A00071CBD8 /* Debug */,
				672B2D412CAB22A00071CBD8 /* Release */,
			);
			defaultConfigurationIsVisible = 0;
			defaultConfigurationName = Release;
		};
		672B2D422CAB22A00071CBD8 /* Build configuration list for PBXNativeTarget "PCStoker" */ = {
			isa = XCConfigurationList;
			buildConfigurations = (
				672B2D432CAB22A00071CBD8 /* Debug */,
				672B2D442CAB22A00071CBD8 /* Release */,
			);
			defaultConfigurationIsVisible = 0;
			defaultConfigurationName = Release;
		};
		672B2D452CAB22A00071CBD8 /* Build configuration list for PBXNativeTarget "PCStokerTests" */ = {
			isa = XCConfigurationList;
			buildConfigurations = (
				672B2D462CAB22A00071CBD8 /* Debug */,
				672B2D472CAB22A00071CBD8 /* Release */,
			);
			defaultConfigurationIsVisible = 0;
			defaultConfigurationName = Release;
		};
		672B2D482CAB22A00071CBD8 /* Build configuration list for PBXNativeTarget "PCStokerUITests" */ = {
			isa = XCConfigurationList;
			buildConfigurations = (
				672B2D492CAB22A00071CBD8 /* Debug */,
				672B2D4A2CAB22A00071CBD8 /* Release */,
			);
			defaultConfigurationIsVisible = 0;
			defaultConfigurationName = Release;
		};
/* End XCConfigurationList section */
	};
	rootObject = 672B2D162CAB229E0071CBD8 /* Project object */;
}
